<?xml version="1.0" encoding="utf-8"?>
<Project ToolsVersion="4.0" xmlns="http://schemas.microsoft.com/developer/msbuild/2003">
  <ItemGroup>
    <Filter Include="Pliki źródłowe">
      <UniqueIdentifier>{4FC737F1-C7A5-4376-A066-2A32D752A2FF}</UniqueIdentifier>
      <Extensions>cpp;c;cc;cxx;c++;def;odl;idl;hpj;bat;asm;asmx</Extensions>
    </Filter>
    <Filter Include="Pliki nagłówkowe">
      <UniqueIdentifier>{93995380-89BD-4b04-88EB-625FBE52EBFB}</UniqueIdentifier>
      <Extensions>h;hh;hpp;hxx;h++;hm;inl;inc;ipp;xsd</Extensions>
    </Filter>
    <Filter Include="Pliki zasobów">
      <UniqueIdentifier>{67DA6AB6-F800-4c08-8B7A-83BB121AAD01}</UniqueIdentifier>
      <Extensions>rc;ico;cur;bmp;dlg;rc2;rct;bin;rgs;gif;jpg;jpeg;jpe;resx;tiff;tif;png;wav;mfcribbon-ms</Extensions>
    </Filter>
    <Filter Include="Screens">
      <UniqueIdentifier>{a0526748-b26a-46c4-b212-ebb2a7386c52}</UniqueIdentifier>
    </Filter>
    <Filter Include="User Interface">
      <UniqueIdentifier>{00b88c65-b2df-4925-b893-98c73ded1c91}</UniqueIdentifier>
    </Filter>
    <Filter Include="Input Handlers">
      <UniqueIdentifier>{6f8e26cf-51b4-4cf9-b441-1ea1687face4}</UniqueIdentifier>
    </Filter>
    <Filter Include="Components">
      <UniqueIdentifier>{894a9f45-5b8b-4c41-af41-713754cd1cca}</UniqueIdentifier>
    </Filter>
    <Filter Include="Game Engine">
      <UniqueIdentifier>{99547b4d-5c47-4f9d-bfff-71209efbf373}</UniqueIdentifier>
    </Filter>
    <Filter Include="Levels">
      <UniqueIdentifier>{7818ea8f-cf64-43f9-aa8c-71ac9ed761f6}</UniqueIdentifier>
    </Filter>
    <Filter Include="Map">
      <UniqueIdentifier>{b39f19f7-fff5-46b0-994b-0cc31a3850b5}</UniqueIdentifier>
    </Filter>
  </ItemGroup>
  <ItemGroup>
    <ClCompile Include="BulletSpawner.cpp">
      <Filter>Pliki źródłowe</Filter>
    </ClCompile>
    <ClCompile Include="GameObject.cpp">
      <Filter>Pliki źródłowe</Filter>
    </ClCompile>
    <ClCompile Include="GameObjectBlueprint.cpp">
      <Filter>Pliki źródłowe</Filter>
    </ClCompile>
    <ClCompile Include="GameObjectFactoryPlayMode.cpp">
      <Filter>Pliki źródłowe</Filter>
    </ClCompile>
    <ClCompile Include="GameObjectSharer.cpp">
      <Filter>Pliki źródłowe</Filter>
    </ClCompile>
    <ClCompile Include="main.cpp">
      <Filter>Pliki źródłowe</Filter>
    </ClCompile>
    <ClCompile Include="ObjectTags.cpp">
      <Filter>Pliki źródłowe</Filter>
    </ClCompile>
    <ClCompile Include="PhysicsEnginePlayMode.cpp">
      <Filter>Pliki źródłowe</Filter>
    </ClCompile>
    <ClCompile Include="PlayModeObjectLoader.cpp">
      <Filter>Pliki źródłowe</Filter>
    </ClCompile>
    <ClCompile Include="Screen.cpp">
      <Filter>Screens</Filter>
    </ClCompile>
    <ClCompile Include="SelectScreen.cpp">
      <Filter>Screens</Filter>
    </ClCompile>
    <ClCompile Include="GameScreen.cpp">
      <Filter>Screens</Filter>
    </ClCompile>
    <ClCompile Include="UIPanel.cpp">
      <Filter>User Interface</Filter>
    </ClCompile>
    <ClCompile Include="SelectUIPanel.cpp">
      <Filter>User Interface</Filter>
    </ClCompile>
    <ClCompile Include="GameUIPanel.cpp">
      <Filter>User Interface</Filter>
    </ClCompile>
    <ClCompile Include="GameOverUIPanel.cpp">
      <Filter>User Interface</Filter>
    </ClCompile>
    <ClCompile Include="Button.cpp">
      <Filter>User Interface</Filter>
    </ClCompile>
    <ClCompile Include="SelectInputHandler.cpp">
      <Filter>Input Handlers</Filter>
    </ClCompile>
    <ClCompile Include="GameOverInputHandler.cpp">
      <Filter>Input Handlers</Filter>
    </ClCompile>
    <ClCompile Include="GameInputHandler.cpp">
      <Filter>Input Handlers</Filter>
    </ClCompile>
    <ClCompile Include="InputHandler.cpp">
      <Filter>Input Handlers</Filter>
    </ClCompile>
    <ClCompile Include="UpdateComponent.cpp">
      <Filter>Components</Filter>
    </ClCompile>
    <ClCompile Include="TransformComponent.cpp">
      <Filter>Components</Filter>
    </ClCompile>
    <ClCompile Include="StandardGraphicsComponent.cpp">
      <Filter>Components</Filter>
    </ClCompile>
    <ClCompile Include="RectColliderComponent.cpp">
      <Filter>Components</Filter>
    </ClCompile>
    <ClCompile Include="PlayerUpdateComponent.cpp">
      <Filter>Components</Filter>
    </ClCompile>
    <ClCompile Include="InvaderUpdateComponent.cpp">
      <Filter>Components</Filter>
    </ClCompile>
    <ClCompile Include="GraphicsComponent.cpp">
      <Filter>Components</Filter>
    </ClCompile>
    <ClCompile Include="ColliderComponent.cpp">
      <Filter>Components</Filter>
    </ClCompile>
    <ClCompile Include="BulletUpdateComponent.cpp">
      <Filter>Components</Filter>
    </ClCompile>
    <ClCompile Include="GameEngine.cpp">
      <Filter>Game Engine</Filter>
    </ClCompile>
    <ClCompile Include="ScreenManager.cpp">
      <Filter>Game Engine</Filter>
    </ClCompile>
    <ClCompile Include="SoundEngine.cpp">
      <Filter>Game Engine</Filter>
    </ClCompile>
    <ClCompile Include="BitmapStore.cpp">
      <Filter>Game Engine</Filter>
    </ClCompile>
    <ClCompile Include="ScreenManagerRemoteControl.cpp">
      <Filter>Screens</Filter>
    </ClCompile>
    <ClCompile Include="BlueprintObjectParser.cpp">
      <Filter>Game Engine</Filter>
    </ClCompile>
    <ClCompile Include="Component.cpp">
      <Filter>Components</Filter>
    </ClCompile>
    <ClCompile Include="LevelManager.cpp">
      <Filter>Game Engine</Filter>
    </ClCompile>
    <ClCompile Include="AnimatedGraphicsComponent.cpp">
      <Filter>Components</Filter>
    </ClCompile>
    <ClCompile Include="PauseUIPanel.cpp">
      <Filter>User Interface</Filter>
    </ClCompile>
    <ClCompile Include="PauseInputHandler.cpp">
      <Filter>Input Handlers</Filter>
    </ClCompile>
    <ClCompile Include="TileMap.cpp">
      <Filter>Map</Filter>
    </ClCompile>
    <ClCompile Include="Tile.cpp">
      <Filter>Map</Filter>
    </ClCompile>
    <ClCompile Include="SettingsManager.cpp">
      <Filter>Game Engine</Filter>
    </ClCompile>
  </ItemGroup>
  <ItemGroup>
    <ClInclude Include="PlayModeObjectLoader.h">
      <Filter>Pliki nagłówkowe</Filter>
    </ClInclude>
    <ClInclude Include="PhysicsEnginePlayMode.h">
      <Filter>Pliki nagłówkowe</Filter>
    </ClInclude>
    <ClInclude Include="ObjectTags.h">
      <Filter>Pliki nagłówkowe</Filter>
    </ClInclude>
    <ClInclude Include="GameObjectSharer.h">
      <Filter>Pliki nagłówkowe</Filter>
    </ClInclude>
    <ClInclude Include="GameObjectFactoryPlayMode.h">
      <Filter>Pliki nagłówkowe</Filter>
    </ClInclude>
    <ClInclude Include="GameObjectBlueprint.h">
      <Filter>Pliki nagłówkowe</Filter>
    </ClInclude>
    <ClInclude Include="GameObject.h">
      <Filter>Pliki nagłówkowe</Filter>
    </ClInclude>
    <ClInclude Include="BulletSpawner.h">
      <Filter>Pliki nagłówkowe</Filter>
    </ClInclude>
    <ClInclude Include="Screen.h">
      <Filter>Screens</Filter>
    </ClInclude>
    <ClInclude Include="GameScreen.h">
      <Filter>Screens</Filter>
    </ClInclude>
    <ClInclude Include="SelectScreen.h">
      <Filter>Screens</Filter>
    </ClInclude>
    <ClInclude Include="Button.h">
      <Filter>User Interface</Filter>
    </ClInclude>
    <ClInclude Include="GameOverUIPanel.h">
      <Filter>User Interface</Filter>
    </ClInclude>
    <ClInclude Include="GameUIPanel.h">
      <Filter>User Interface</Filter>
    </ClInclude>
    <ClInclude Include="SelectUIPanel.h">
      <Filter>User Interface</Filter>
    </ClInclude>
    <ClInclude Include="UIPanel.h">
      <Filter>User Interface</Filter>
    </ClInclude>
    <ClInclude Include="GameInputHandler.h">
      <Filter>Input Handlers</Filter>
    </ClInclude>
    <ClInclude Include="GameOverInputHandler.h">
      <Filter>Input Handlers</Filter>
    </ClInclude>
    <ClInclude Include="InputHandler.h">
      <Filter>Input Handlers</Filter>
    </ClInclude>
    <ClInclude Include="SelectInputHandler.h">
      <Filter>Input Handlers</Filter>
    </ClInclude>
    <ClInclude Include="BulletUpdateComponent.h">
      <Filter>Components</Filter>
    </ClInclude>
    <ClInclude Include="ColliderComponent.h">
      <Filter>Components</Filter>
    </ClInclude>
    <ClInclude Include="Component.h">
      <Filter>Components</Filter>
    </ClInclude>
    <ClInclude Include="GraphicsComponent.h">
      <Filter>Components</Filter>
    </ClInclude>
    <ClInclude Include="InvaderUpdateComponent.h">
      <Filter>Components</Filter>
    </ClInclude>
    <ClInclude Include="PlayerUpdateComponent.h">
      <Filter>Components</Filter>
    </ClInclude>
    <ClInclude Include="RectColliderComponent.h">
      <Filter>Components</Filter>
    </ClInclude>
    <ClInclude Include="StandardGraphicsComponent.h">
      <Filter>Components</Filter>
    </ClInclude>
    <ClInclude Include="TransformComponent.h">
      <Filter>Components</Filter>
    </ClInclude>
    <ClInclude Include="UpdateComponent.h">
      <Filter>Components</Filter>
    </ClInclude>
    <ClInclude Include="GameEngine.h">
      <Filter>Game Engine</Filter>
    </ClInclude>
    <ClInclude Include="developState.h">
      <Filter>Game Engine</Filter>
    </ClInclude>
    <ClInclude Include="ScreenManager.h">
      <Filter>Game Engine</Filter>
    </ClInclude>
    <ClInclude Include="SoundEngine.h">
      <Filter>Game Engine</Filter>
    </ClInclude>
    <ClInclude Include="BlueprintObjectParser.h">
      <Filter>Game Engine</Filter>
    </ClInclude>
    <ClInclude Include="LevelManager.h">
      <Filter>Game Engine</Filter>
    </ClInclude>
    <ClInclude Include="BitmapStore.h">
      <Filter>Game Engine</Filter>
    </ClInclude>
    <ClInclude Include="ScreenManagerRemoteControl.h">
      <Filter>Screens</Filter>
    </ClInclude>
    <ClInclude Include="WorldState.h">
      <Filter>Game Engine</Filter>
    </ClInclude>
    <ClInclude Include="AnimatedGraphicsComponent.h">
      <Filter>Components</Filter>
    </ClInclude>
    <ClInclude Include="PauseUIPanel.h">
      <Filter>User Interface</Filter>
    </ClInclude>
    <ClInclude Include="PauseInputHandler.h">
      <Filter>Input Handlers</Filter>
    </ClInclude>
    <ClInclude Include="TileMap.h">
      <Filter>Map</Filter>
    </ClInclude>
    <ClInclude Include="Tile.h">
      <Filter>Map</Filter>
    </ClInclude>
    <ClInclude Include="SettingsManager.h">
      <Filter>Game Engine</Filter>
    </ClInclude>
  </ItemGroup>
  <ItemGroup>
    <None Include="world\level1">
      <Filter>Levels</Filter>
    </None>
  </ItemGroup>
  <ItemGroup>
    <Text Include="world\testlvl.txt">
      <Filter>Levels</Filter>
    </Text>
  </ItemGroup>
  <ItemGroup>
    <Image Include="graphics\animation.png">
      <Filter>Pliki zasobów</Filter>
    </Image>
    <Image Include="graphics\animation-full.png">
      <Filter>Pliki zasobów</Filter>
    </Image>
  </ItemGroup>
</Project>